
Microsoft Visual Studio Solution File, Format Version 12.00
# Visual Studio 15
VisualStudioVersion = 15.0.26730.15
MinimumVisualStudioVersion = 10.0.40219.1
Project("{8BC9CEB8-8B4A-11D0-8D11-00A0C91BC942}") = "Extra_Oef_01", "Extra_Oef_01\Extra_Oef_01.vcxproj", "{137A2F1F-2CFF-4F4A-90AE-C253C53E1F53}"
EndProject
Project("{8BC9CEB8-8B4A-11D0-8D11-00A0C91BC942}") = "Extra_Oef_02", "Extra_Oef_02\Extra_Oef_02.vcxproj", "{40DFD09A-7F44-4512-AFB8-0AB642E92D13}"
EndProject
Project("{8BC9CEB8-8B4A-11D0-8D11-00A0C91BC942}") = "Extra_Oef_03", "Extra_Oef_03\Extra_Oef_03.vcxproj", "{A5BC5324-1607-4DAE-82CC-24B2F0B51A7A}"
EndProject
Project("{8BC9CEB8-8B4A-11D0-8D11-00A0C91BC942}") = "Extra_Oef_04", "Extra_Oef_04\Extra_Oef_04.vcxproj", "{9A6A7554-3524-4B51-923E-FC0B13B7E21E}"
EndProject
Project("{8BC9CEB8-8B4A-11D0-8D11-00A0C91BC942}") = "Herhalingstoets_Arrays", "Herhalingstoets_Arrays\Herhalingstoets_Arrays.vcxproj", "{AE60FD0C-9960-4D25-ABDD-6ADFFD01D337}"
EndProject
Project("{8BC9CEB8-8B4A-11D0-8D11-00A0C91BC942}") = "Test", "Test\Test.vcxproj", "{A4472F80-06B4-434E-9104-44D29A433BC4}"
EndProject
Project("{8BC9CEB8-8B4A-11D0-8D11-00A0C91BC942}") = "LetterHerkenning", "LetterHerkenning\LetterHerkenning.vcxproj", "{88B760B6-7456-4961-92C4-73C9A95F6A0A}"
EndProject
Project("{8BC9CEB8-8B4A-11D0-8D11-00A0C91BC942}") = "Pointers", "Pointers\Pointers.vcxproj", "{090D1279-5744-4316-ADA7-C8C8E6946FEE}"
EndProject
Project("{8BC9CEB8-8B4A-11D0-8D11-00A0C91BC942}") = "Extra_Oef_05_ArrayVullenMetPointer", "Extra_Oef_05_ArrayVullenMetPointer\Extra_Oef_05_ArrayVullenMetPointer.vcxproj", "{0A4BE2BB-BA20-4846-B05E-F592B2D634B9}"
EndProject
Project("{8BC9CEB8-8B4A-11D0-8D11-00A0C91BC942}") = "Extra_Oef_06_Pointers", "Extra_Oef_06_Pointers\Extra_Oef_06_Pointers.vcxproj", "{7AE7DC88-8EB6-4B3A-92FC-5BFF964846E0}"
EndProject
Project("{8BC9CEB8-8B4A-11D0-8D11-00A0C91BC942}") = "Mastermind", "Mastermind\Mastermind.vcxproj", "{1BD3C72E-B2C7-4604-9B2D-9CF9FE62C747}"
EndProject
Project("{8BC9CEB8-8B4A-11D0-8D11-00A0C91BC942}") = "Valkuilen_subroutines", "Valkuilen_subroutines\Valkuilen_subroutines.vcxproj", "{64B73DFF-FF8B-497C-9463-04C296AB1565}"
EndProject
Project("{2150E333-8FDC-42A3-9474-1A3956D46DE8}") = "Programmeren", "Programmeren", "{A6D92006-DD9D-4AA6-B8AD-E1C8A80F1D15}"
EndProject
Project("{2150E333-8FDC-42A3-9474-1A3956D46DE8}") = "Processoren", "Processoren", "{D1663757-A3E8-429D-BAD9-D7BB07358DE3}"
EndProject
Project("{8BC9CEB8-8B4A-11D0-8D11-00A0C91BC942}") = "Extra_Oef_07_Strings", "Extra_Oef_07_Strings\Extra_Oef_07_Strings.vcxproj", "{91F4C0C6-FC45-4CC3-8367-12FD1CA5AEBB}"
EndProject
Project("{8BC9CEB8-8B4A-11D0-8D11-00A0C91BC942}") = "Extra_Oef_08_Strings", "Extra_Oef_08_Strings\Extra_Oef_08_Strings.vcxproj", "{C74A82E0-5D62-4BCE-90FE-EE74BCB62A92}"
EndProject
Project("{8BC9CEB8-8B4A-11D0-8D11-00A0C91BC942}") = "Extra_Oef_09_Iteratoren", "Extra_Oef_09_Iteratoren\Extra_Oef_09_Iteratoren.vcxproj", "{ABCB2CAF-AA4A-4BDD-B8CB-0D923DE6E0DA}"
EndProject
Project("{8BC9CEB8-8B4A-11D0-8D11-00A0C91BC942}") = "Galgje", "Galgje\Galgje.vcxproj", "{9C6F8DB1-2E6A-4647-93A7-B5F67A40FA58}"
EndProject
Global
	GlobalSection(SolutionConfigurationPlatforms) = preSolution
		Debug|x64 = Debug|x64
		Debug|x86 = Debug|x86
		Release|x64 = Release|x64
		Release|x86 = Release|x86
	EndGlobalSection
	GlobalSection(ProjectConfigurationPlatforms) = postSolution
		{137A2F1F-2CFF-4F4A-90AE-C253C53E1F53}.Debug|x64.ActiveCfg = Debug|x64
		{137A2F1F-2CFF-4F4A-90AE-C253C53E1F53}.Debug|x64.Build.0 = Debug|x64
		{137A2F1F-2CFF-4F4A-90AE-C253C53E1F53}.Debug|x86.ActiveCfg = Debug|Win32
		{137A2F1F-2CFF-4F4A-90AE-C253C53E1F53}.Debug|x86.Build.0 = Debug|Win32
		{137A2F1F-2CFF-4F4A-90AE-C253C53E1F53}.Release|x64.ActiveCfg = Release|x64
		{137A2F1F-2CFF-4F4A-90AE-C253C53E1F53}.Release|x64.Build.0 = Release|x64
		{137A2F1F-2CFF-4F4A-90AE-C253C53E1F53}.Release|x86.ActiveCfg = Release|Win32
		{137A2F1F-2CFF-4F4A-90AE-C253C53E1F53}.Release|x86.Build.0 = Release|Win32
		{40DFD09A-7F44-4512-AFB8-0AB642E92D13}.Debug|x64.ActiveCfg = Debug|x64
		{40DFD09A-7F44-4512-AFB8-0AB642E92D13}.Debug|x64.Build.0 = Debug|x64
		{40DFD09A-7F44-4512-AFB8-0AB642E92D13}.Debug|x86.ActiveCfg = Debug|Win32
		{40DFD09A-7F44-4512-AFB8-0AB642E92D13}.Debug|x86.Build.0 = Debug|Win32
		{40DFD09A-7F44-4512-AFB8-0AB642E92D13}.Release|x64.ActiveCfg = Release|x64
		{40DFD09A-7F44-4512-AFB8-0AB642E92D13}.Release|x64.Build.0 = Release|x64
		{40DFD09A-7F44-4512-AFB8-0AB642E92D13}.Release|x86.ActiveCfg = Release|Win32
		{40DFD09A-7F44-4512-AFB8-0AB642E92D13}.Release|x86.Build.0 = Release|Win32
		{A5BC5324-1607-4DAE-82CC-24B2F0B51A7A}.Debug|x64.ActiveCfg = Debug|x64
		{A5BC5324-1607-4DAE-82CC-24B2F0B51A7A}.Debug|x64.Build.0 = Debug|x64
		{A5BC5324-1607-4DAE-82CC-24B2F0B51A7A}.Debug|x86.ActiveCfg = Debug|Win32
		{A5BC5324-1607-4DAE-82CC-24B2F0B51A7A}.Debug|x86.Build.0 = Debug|Win32
		{A5BC5324-1607-4DAE-82CC-24B2F0B51A7A}.Release|x64.ActiveCfg = Release|x64
		{A5BC5324-1607-4DAE-82CC-24B2F0B51A7A}.Release|x64.Build.0 = Release|x64
		{A5BC5324-1607-4DAE-82CC-24B2F0B51A7A}.Release|x86.ActiveCfg = Release|Win32
		{A5BC5324-1607-4DAE-82CC-24B2F0B51A7A}.Release|x86.Build.0 = Release|Win32
		{9A6A7554-3524-4B51-923E-FC0B13B7E21E}.Debug|x64.ActiveCfg = Debug|x64
		{9A6A7554-3524-4B51-923E-FC0B13B7E21E}.Debug|x64.Build.0 = Debug|x64
		{9A6A7554-3524-4B51-923E-FC0B13B7E21E}.Debug|x86.ActiveCfg = Debug|Win32
		{9A6A7554-3524-4B51-923E-FC0B13B7E21E}.Debug|x86.Build.0 = Debug|Win32
		{9A6A7554-3524-4B51-923E-FC0B13B7E21E}.Release|x64.ActiveCfg = Release|x64
		{9A6A7554-3524-4B51-923E-FC0B13B7E21E}.Release|x64.Build.0 = Release|x64
		{9A6A7554-3524-4B51-923E-FC0B13B7E21E}.Release|x86.ActiveCfg = Release|Win32
		{9A6A7554-3524-4B51-923E-FC0B13B7E21E}.Release|x86.Build.0 = Release|Win32
		{AE60FD0C-9960-4D25-ABDD-6ADFFD01D337}.Debug|x64.ActiveCfg = Debug|x64
		{AE60FD0C-9960-4D25-ABDD-6ADFFD01D337}.Debug|x64.Build.0 = Debug|x64
		{AE60FD0C-9960-4D25-ABDD-6ADFFD01D337}.Debug|x86.ActiveCfg = Debug|Win32
		{AE60FD0C-9960-4D25-ABDD-6ADFFD01D337}.Debug|x86.Build.0 = Debug|Win32
		{AE60FD0C-9960-4D25-ABDD-6ADFFD01D337}.Release|x64.ActiveCfg = Release|x64
		{AE60FD0C-9960-4D25-ABDD-6ADFFD01D337}.Release|x64.Build.0 = Release|x64
		{AE60FD0C-9960-4D25-ABDD-6ADFFD01D337}.Release|x86.ActiveCfg = Release|Win32
		{AE60FD0C-9960-4D25-ABDD-6ADFFD01D337}.Release|x86.Build.0 = Release|Win32
		{A4472F80-06B4-434E-9104-44D29A433BC4}.Debug|x64.ActiveCfg = Debug|x64
		{A4472F80-06B4-434E-9104-44D29A433BC4}.Debug|x64.Build.0 = Debug|x64
		{A4472F80-06B4-434E-9104-44D29A433BC4}.Debug|x86.ActiveCfg = Debug|Win32
		{A4472F80-06B4-434E-9104-44D29A433BC4}.Debug|x86.Build.0 = Debug|Win32
		{A4472F80-06B4-434E-9104-44D29A433BC4}.Release|x64.ActiveCfg = Release|x64
		{A4472F80-06B4-434E-9104-44D29A433BC4}.Release|x64.Build.0 = Release|x64
		{A4472F80-06B4-434E-9104-44D29A433BC4}.Release|x86.ActiveCfg = Release|Win32
		{A4472F80-06B4-434E-9104-44D29A433BC4}.Release|x86.Build.0 = Release|Win32
		{88B760B6-7456-4961-92C4-73C9A95F6A0A}.Debug|x64.ActiveCfg = Debug|x64
		{88B760B6-7456-4961-92C4-73C9A95F6A0A}.Debug|x64.Build.0 = Debug|x64
		{88B760B6-7456-4961-92C4-73C9A95F6A0A}.Debug|x86.ActiveCfg = Debug|Win32
		{88B760B6-7456-4961-92C4-73C9A95F6A0A}.Debug|x86.Build.0 = Debug|Win32
		{88B760B6-7456-4961-92C4-73C9A95F6A0A}.Release|x64.ActiveCfg = Release|x64
		{88B760B6-7456-4961-92C4-73C9A95F6A0A}.Release|x64.Build.0 = Release|x64
		{88B760B6-7456-4961-92C4-73C9A95F6A0A}.Release|x86.ActiveCfg = Release|Win32
		{88B760B6-7456-4961-92C4-73C9A95F6A0A}.Release|x86.Build.0 = Release|Win32
		{090D1279-5744-4316-ADA7-C8C8E6946FEE}.Debug|x64.ActiveCfg = Debug|x64
		{090D1279-5744-4316-ADA7-C8C8E6946FEE}.Debug|x64.Build.0 = Debug|x64
		{090D1279-5744-4316-ADA7-C8C8E6946FEE}.Debug|x86.ActiveCfg = Debug|Win32
		{090D1279-5744-4316-ADA7-C8C8E6946FEE}.Debug|x86.Build.0 = Debug|Win32
		{090D1279-5744-4316-ADA7-C8C8E6946FEE}.Release|x64.ActiveCfg = Release|x64
		{090D1279-5744-4316-ADA7-C8C8E6946FEE}.Release|x64.Build.0 = Release|x64
		{090D1279-5744-4316-ADA7-C8C8E6946FEE}.Release|x86.ActiveCfg = Release|Win32
		{090D1279-5744-4316-ADA7-C8C8E6946FEE}.Release|x86.Build.0 = Release|Win32
		{0A4BE2BB-BA20-4846-B05E-F592B2D634B9}.Debug|x64.ActiveCfg = Debug|x64
		{0A4BE2BB-BA20-4846-B05E-F592B2D634B9}.Debug|x64.Build.0 = Debug|x64
		{0A4BE2BB-BA20-4846-B05E-F592B2D634B9}.Debug|x86.ActiveCfg = Debug|Win32
		{0A4BE2BB-BA20-4846-B05E-F592B2D634B9}.Debug|x86.Build.0 = Debug|Win32
		{0A4BE2BB-BA20-4846-B05E-F592B2D634B9}.Release|x64.ActiveCfg = Release|x64
		{0A4BE2BB-BA20-4846-B05E-F592B2D634B9}.Release|x64.Build.0 = Release|x64
		{0A4BE2BB-BA20-4846-B05E-F592B2D634B9}.Release|x86.ActiveCfg = Release|Win32
		{0A4BE2BB-BA20-4846-B05E-F592B2D634B9}.Release|x86.Build.0 = Release|Win32
		{7AE7DC88-8EB6-4B3A-92FC-5BFF964846E0}.Debug|x64.ActiveCfg = Debug|x64
		{7AE7DC88-8EB6-4B3A-92FC-5BFF964846E0}.Debug|x64.Build.0 = Debug|x64
		{7AE7DC88-8EB6-4B3A-92FC-5BFF964846E0}.Debug|x86.ActiveCfg = Debug|Win32
		{7AE7DC88-8EB6-4B3A-92FC-5BFF964846E0}.Debug|x86.Build.0 = Debug|Win32
		{7AE7DC88-8EB6-4B3A-92FC-5BFF964846E0}.Release|x64.ActiveCfg = Release|x64
		{7AE7DC88-8EB6-4B3A-92FC-5BFF964846E0}.Release|x64.Build.0 = Release|x64
		{7AE7DC88-8EB6-4B3A-92FC-5BFF964846E0}.Release|x86.ActiveCfg = Release|Win32
		{7AE7DC88-8EB6-4B3A-92FC-5BFF964846E0}.Release|x86.Build.0 = Release|Win32
		{1BD3C72E-B2C7-4604-9B2D-9CF9FE62C747}.Debug|x64.ActiveCfg = Debug|x64
		{1BD3C72E-B2C7-4604-9B2D-9CF9FE62C747}.Debug|x64.Build.0 = Debug|x64
		{1BD3C72E-B2C7-4604-9B2D-9CF9FE62C747}.Debug|x86.ActiveCfg = Debug|Win32
		{1BD3C72E-B2C7-4604-9B2D-9CF9FE62C747}.Debug|x86.Build.0 = Debug|Win32
		{1BD3C72E-B2C7-4604-9B2D-9CF9FE62C747}.Release|x64.ActiveCfg = Release|x64
		{1BD3C72E-B2C7-4604-9B2D-9CF9FE62C747}.Release|x64.Build.0 = Release|x64
		{1BD3C72E-B2C7-4604-9B2D-9CF9FE62C747}.Release|x86.ActiveCfg = Release|Win32
		{1BD3C72E-B2C7-4604-9B2D-9CF9FE62C747}.Release|x86.Build.0 = Release|Win32
		{64B73DFF-FF8B-497C-9463-04C296AB1565}.Debug|x64.ActiveCfg = Debug|x64
		{64B73DFF-FF8B-497C-9463-04C296AB1565}.Debug|x64.Build.0 = Debug|x64
		{64B73DFF-FF8B-497C-9463-04C296AB1565}.Debug|x86.ActiveCfg = Debug|Win32
		{64B73DFF-FF8B-497C-9463-04C296AB1565}.Debug|x86.Build.0 = Debug|Win32
		{64B73DFF-FF8B-497C-9463-04C296AB1565}.Release|x64.ActiveCfg = Release|x64
		{64B73DFF-FF8B-497C-9463-04C296AB1565}.Release|x64.Build.0 = Release|x64
		{64B73DFF-FF8B-497C-9463-04C296AB1565}.Release|x86.ActiveCfg = Release|Win32
		{64B73DFF-FF8B-497C-9463-04C296AB1565}.Release|x86.Build.0 = Release|Win32
		{91F4C0C6-FC45-4CC3-8367-12FD1CA5AEBB}.Debug|x64.ActiveCfg = Debug|x64
		{91F4C0C6-FC45-4CC3-8367-12FD1CA5AEBB}.Debug|x64.Build.0 = Debug|x64
		{91F4C0C6-FC45-4CC3-8367-12FD1CA5AEBB}.Debug|x86.ActiveCfg = Debug|Win32
		{91F4C0C6-FC45-4CC3-8367-12FD1CA5AEBB}.Debug|x86.Build.0 = Debug|Win32
		{91F4C0C6-FC45-4CC3-8367-12FD1CA5AEBB}.Release|x64.ActiveCfg = Release|x64
		{91F4C0C6-FC45-4CC3-8367-12FD1CA5AEBB}.Release|x64.Build.0 = Release|x64
		{91F4C0C6-FC45-4CC3-8367-12FD1CA5AEBB}.Release|x86.ActiveCfg = Release|Win32
		{91F4C0C6-FC45-4CC3-8367-12FD1CA5AEBB}.Release|x86.Build.0 = Release|Win32
		{C74A82E0-5D62-4BCE-90FE-EE74BCB62A92}.Debug|x64.ActiveCfg = Debug|x64
		{C74A82E0-5D62-4BCE-90FE-EE74BCB62A92}.Debug|x64.Build.0 = Debug|x64
		{C74A82E0-5D62-4BCE-90FE-EE74BCB62A92}.Debug|x86.ActiveCfg = Debug|Win32
		{C74A82E0-5D62-4BCE-90FE-EE74BCB62A92}.Debug|x86.Build.0 = Debug|Win32
		{C74A82E0-5D62-4BCE-90FE-EE74BCB62A92}.Release|x64.ActiveCfg = Release|x64
		{C74A82E0-5D62-4BCE-90FE-EE74BCB62A92}.Release|x64.Build.0 = Release|x64
		{C74A82E0-5D62-4BCE-90FE-EE74BCB62A92}.Release|x86.ActiveCfg = Release|Win32
		{C74A82E0-5D62-4BCE-90FE-EE74BCB62A92}.Release|x86.Build.0 = Release|Win32
		{ABCB2CAF-AA4A-4BDD-B8CB-0D923DE6E0DA}.Debug|x64.ActiveCfg = Debug|x64
		{ABCB2CAF-AA4A-4BDD-B8CB-0D923DE6E0DA}.Debug|x64.Build.0 = Debug|x64
		{ABCB2CAF-AA4A-4BDD-B8CB-0D923DE6E0DA}.Debug|x86.ActiveCfg = Debug|Win32
		{ABCB2CAF-AA4A-4BDD-B8CB-0D923DE6E0DA}.Debug|x86.Build.0 = Debug|Win32
		{ABCB2CAF-AA4A-4BDD-B8CB-0D923DE6E0DA}.Release|x64.ActiveCfg = Release|x64
		{ABCB2CAF-AA4A-4BDD-B8CB-0D923DE6E0DA}.Release|x64.Build.0 = Release|x64
		{ABCB2CAF-AA4A-4BDD-B8CB-0D923DE6E0DA}.Release|x86.ActiveCfg = Release|Win32
		{ABCB2CAF-AA4A-4BDD-B8CB-0D923DE6E0DA}.Release|x86.Build.0 = Release|Win32
		{9C6F8DB1-2E6A-4647-93A7-B5F67A40FA58}.Debug|x64.ActiveCfg = Debug|x64
		{9C6F8DB1-2E6A-4647-93A7-B5F67A40FA58}.Debug|x64.Build.0 = Debug|x64
		{9C6F8DB1-2E6A-4647-93A7-B5F67A40FA58}.Debug|x86.ActiveCfg = Debug|Win32
		{9C6F8DB1-2E6A-4647-93A7-B5F67A40FA58}.Debug|x86.Build.0 = Debug|Win32
		{9C6F8DB1-2E6A-4647-93A7-B5F67A40FA58}.Release|x64.ActiveCfg = Release|x64
		{9C6F8DB1-2E6A-4647-93A7-B5F67A40FA58}.Release|x64.Build.0 = Release|x64
		{9C6F8DB1-2E6A-4647-93A7-B5F67A40FA58}.Release|x86.ActiveCfg = Release|Win32
		{9C6F8DB1-2E6A-4647-93A7-B5F67A40FA58}.Release|x86.Build.0 = Release|Win32
	EndGlobalSection
	GlobalSection(SolutionProperties) = preSolution
		HideSolutionNode = FALSE
	EndGlobalSection
	GlobalSection(NestedProjects) = preSolution
		{137A2F1F-2CFF-4F4A-90AE-C253C53E1F53} = {A6D92006-DD9D-4AA6-B8AD-E1C8A80F1D15}
		{40DFD09A-7F44-4512-AFB8-0AB642E92D13} = {A6D92006-DD9D-4AA6-B8AD-E1C8A80F1D15}
		{A5BC5324-1607-4DAE-82CC-24B2F0B51A7A} = {A6D92006-DD9D-4AA6-B8AD-E1C8A80F1D15}
		{9A6A7554-3524-4B51-923E-FC0B13B7E21E} = {A6D92006-DD9D-4AA6-B8AD-E1C8A80F1D15}
		{AE60FD0C-9960-4D25-ABDD-6ADFFD01D337} = {A6D92006-DD9D-4AA6-B8AD-E1C8A80F1D15}
		{A4472F80-06B4-434E-9104-44D29A433BC4} = {A6D92006-DD9D-4AA6-B8AD-E1C8A80F1D15}
		{88B760B6-7456-4961-92C4-73C9A95F6A0A} = {A6D92006-DD9D-4AA6-B8AD-E1C8A80F1D15}
		{090D1279-5744-4316-ADA7-C8C8E6946FEE} = {A6D92006-DD9D-4AA6-B8AD-E1C8A80F1D15}
		{0A4BE2BB-BA20-4846-B05E-F592B2D634B9} = {A6D92006-DD9D-4AA6-B8AD-E1C8A80F1D15}
		{7AE7DC88-8EB6-4B3A-92FC-5BFF964846E0} = {A6D92006-DD9D-4AA6-B8AD-E1C8A80F1D15}
		{1BD3C72E-B2C7-4604-9B2D-9CF9FE62C747} = {A6D92006-DD9D-4AA6-B8AD-E1C8A80F1D15}
		{64B73DFF-FF8B-497C-9463-04C296AB1565} = {D1663757-A3E8-429D-BAD9-D7BB07358DE3}
		{91F4C0C6-FC45-4CC3-8367-12FD1CA5AEBB} = {A6D92006-DD9D-4AA6-B8AD-E1C8A80F1D15}
		{C74A82E0-5D62-4BCE-90FE-EE74BCB62A92} = {A6D92006-DD9D-4AA6-B8AD-E1C8A80F1D15}
		{ABCB2CAF-AA4A-4BDD-B8CB-0D923DE6E0DA} = {A6D92006-DD9D-4AA6-B8AD-E1C8A80F1D15}
		{9C6F8DB1-2E6A-4647-93A7-B5F67A40FA58} = {A6D92006-DD9D-4AA6-B8AD-E1C8A80F1D15}
	EndGlobalSection
	GlobalSection(ExtensibilityGlobals) = postSolution
		SolutionGuid = {17FE8ECC-20CB-44AE-9411-3521021F3BFB}
	EndGlobalSection
EndGlobal
